{
  "name": "portifolio-wallace",
  "version": "1.0.0",
  "lockfileVersion": 1,
  "requires": true,
  "dependencies": {
    "asynckit": {
      "version": "0.4.0",
      "resolved": "https://registry.npmjs.org/asynckit/-/asynckit-0.4.0.tgz",
      "integrity": "sha1-x57Zf380y48robyXkLzDZkdLS3k="
    },
    "base-x": {
      "version": "3.0.8",
      "resolved": "https://registry.npmjs.org/base-x/-/base-x-3.0.8.tgz",
      "integrity": "sha512-Rl/1AWP4J/zRrk54hhlxH4drNxPJXYUaKffODVI53/dAsV4t9fBxyxYKAVPU1XBHxYwOWP9h9H0hM2MVw4YfJA==",
      "requires": {
        "safe-buffer": "^5.0.1"
      }
    },
    "bech32": {
      "version": "1.1.4",
      "resolved": "https://registry.npmjs.org/bech32/-/bech32-1.1.4.tgz",
      "integrity": "sha512-s0IrSOzLlbvX7yp4WBfPITzpAU8sqQcpsmwXDiKwrG4r491vwCO/XpejasRNl0piBMe/DvP4Tz0mIS/X1DPJBQ=="
    },
    "bigi": {
      "version": "1.4.2",
      "resolved": "https://registry.npmjs.org/bigi/-/bigi-1.4.2.tgz",
      "integrity": "sha1-nGZalfiLiwj8Bc/XMfVhhZ1yWCU="
    },
    "bip32-utils": {
      "version": "0.10.2",
      "resolved": "https://registry.npmjs.org/bip32-utils/-/bip32-utils-0.10.2.tgz",
      "integrity": "sha512-vltZLUuuT3hSvvbUeuhsUgLBX1VvtDSDfc+b3tujrh6tlrQzk5Ahqni59iR3eGm7m+JCQhndhxnEUv6R06Ufkw=="
    },
    "bip39": {
      "version": "2.6.0",
      "resolved": "https://registry.npmjs.org/bip39/-/bip39-2.6.0.tgz",
      "integrity": "sha512-RrnQRG2EgEoqO24ea+Q/fftuPUZLmrEM3qNhhGsA3PbaXaCW791LTzPuVyx/VprXQcTbPJ3K3UeTna8ZnVl2sg==",
      "requires": {
        "create-hash": "^1.1.0",
        "pbkdf2": "^3.0.9",
        "randombytes": "^2.0.1",
        "safe-buffer": "^5.0.1",
        "unorm": "^1.3.3"
      }
    },
    "bip66": {
      "version": "1.1.5",
      "resolved": "https://registry.npmjs.org/bip66/-/bip66-1.1.5.tgz",
      "integrity": "sha1-AfqHSHhcpwlV1QESF9GzE5lpyiI=",
      "requires": {
        "safe-buffer": "^5.0.1"
      }
    },
    "bitcoin-ops": {
      "version": "1.4.1",
      "resolved": "https://registry.npmjs.org/bitcoin-ops/-/bitcoin-ops-1.4.1.tgz",
      "integrity": "sha512-pef6gxZFztEhaE9RY9HmWVmiIHqCb2OyS4HPKkpc6CIiiOa3Qmuoylxc5P2EkU3w+5eTSifI9SEZC88idAIGow=="
    },
    "bitcoinjs-lib": {
      "version": "3.3.2",
      "resolved": "https://registry.npmjs.org/bitcoinjs-lib/-/bitcoinjs-lib-3.3.2.tgz",
      "integrity": "sha512-l5qqvbaK8wwtANPf6oEffykycg4383XgEYdia1rI7/JpGf1jfRWlOUCvx5TiTZS7kyIvY4j/UhIQ2urLsvGkzw==",
      "requires": {
        "bech32": "^1.1.2",
        "bigi": "^1.4.0",
        "bip66": "^1.1.0",
        "bitcoin-ops": "^1.3.0",
        "bs58check": "^2.0.0",
        "create-hash": "^1.1.0",
        "create-hmac": "^1.1.3",
        "ecurve": "^1.0.0",
        "merkle-lib": "^2.0.10",
        "pushdata-bitcoin": "^1.0.1",
        "randombytes": "^2.0.1",
        "safe-buffer": "^5.0.1",
        "typeforce": "^1.11.3",
        "varuint-bitcoin": "^1.0.4",
        "wif": "^2.0.1"
      }
    },
    "bitcore-lib": {
      "version": "0.14.0",
      "resolved": "https://registry.npmjs.org/bitcore-lib/-/bitcore-lib-0.14.0.tgz",
      "integrity": "sha1-IcsjWf57mXo7e3c+t9cnWuN9ZE4=",
      "requires": {
        "bn.js": "=2.0.4",
        "bs58": "=2.0.0",
        "buffer-compare": "=1.0.0",
        "elliptic": "=3.0.3",
        "inherits": "=2.0.1",
        "lodash": "=3.10.1"
      },
      "dependencies": {
        "bn.js": {
          "version": "2.0.4",
          "resolved": "https://registry.npmjs.org/bn.js/-/bn.js-2.0.4.tgz",
          "integrity": "sha1-Igp81nf38b+pNif/QZN3b+eBlIA="
        },
        "bs58": {
          "version": "2.0.0",
          "resolved": "https://registry.npmjs.org/bs58/-/bs58-2.0.0.tgz",
          "integrity": "sha1-crcTvtIjoKxRi72g484/SBfznrU="
        },
        "buffer-compare": {
          "version": "1.0.0",
          "resolved": "https://registry.npmjs.org/buffer-compare/-/buffer-compare-1.0.0.tgz",
          "integrity": "sha1-rKp6lm6Y7un64Usxw5pfFY+zxKI="
        },
        "elliptic": {
          "version": "3.0.3",
          "resolved": "https://registry.npmjs.org/elliptic/-/elliptic-3.0.3.tgz",
          "integrity": "sha1-hlybQgv75VAGuflp+XoNLESWZZU=",
          "requires": {
            "bn.js": "^2.0.0",
            "brorand": "^1.0.1",
            "hash.js": "^1.0.0",
            "inherits": "^2.0.1"
          },
          "dependencies": {
            "brorand": {
              "version": "1.0.5",
              "resolved": "https://registry.npmjs.org/brorand/-/brorand-1.0.5.tgz",
              "integrity": "sha1-B7VMowKGq9Fxig4qgwgD79yb+gQ="
            },
            "hash.js": {
              "version": "1.0.3",
              "resolved": "https://registry.npmjs.org/hash.js/-/hash.js-1.0.3.tgz",
              "integrity": "sha1-EzL/ABVsCg/92CNgE9B7d6BFFXM=",
              "requires": {
                "inherits": "^2.0.1"
              }
            }
          }
        },
        "inherits": {
          "version": "2.0.1",
          "resolved": "https://registry.npmjs.org/inherits/-/inherits-2.0.1.tgz",
          "integrity": "sha1-sX0I0ya0Qj5Wjv9xn5GwscvfafE="
        },
        "lodash": {
          "version": "3.10.1",
          "resolved": "https://registry.npmjs.org/lodash/-/lodash-3.10.1.tgz",
          "integrity": "sha1-W/Rejkm6QYnhfUgnid/RW9FAt7Y="
        }
      }
    },
    "bitcore-message": {
      "version": "1.0.4",
      "resolved": "https://registry.npmjs.org/bitcore-message/-/bitcore-message-1.0.4.tgz",
      "integrity": "sha1-QMJHnRtPvcUboKbvF6RqfA5ImFM=",
      "requires": {
        "bitcore-lib": "^0.13.7"
      },
      "dependencies": {
        "bitcore-lib": {
          "version": "0.13.19",
          "resolved": "https://registry.npmjs.org/bitcore-lib/-/bitcore-lib-0.13.19.tgz",
          "integrity": "sha1-SK8em9oQBnwasWJjRyta3SAA89w=",
          "requires": {
            "bn.js": "=2.0.4",
            "bs58": "=2.0.0",
            "buffer-compare": "=1.0.0",
            "elliptic": "=3.0.3",
            "inherits": "=2.0.1",
            "lodash": "=3.10.1"
          },
          "dependencies": {
            "bn.js": {
              "version": "2.0.4",
              "resolved": "https://registry.npmjs.org/bn.js/-/bn.js-2.0.4.tgz",
              "integrity": "sha1-Igp81nf38b+pNif/QZN3b+eBlIA="
            },
            "bs58": {
              "version": "2.0.0",
              "resolved": "https://registry.npmjs.org/bs58/-/bs58-2.0.0.tgz",
              "integrity": "sha1-crcTvtIjoKxRi72g484/SBfznrU="
            },
            "buffer-compare": {
              "version": "1.0.0",
              "resolved": "https://registry.npmjs.org/buffer-compare/-/buffer-compare-1.0.0.tgz",
              "integrity": "sha1-rKp6lm6Y7un64Usxw5pfFY+zxKI="
            },
            "elliptic": {
              "version": "3.0.3",
              "resolved": "https://registry.npmjs.org/elliptic/-/elliptic-3.0.3.tgz",
              "integrity": "sha1-hlybQgv75VAGuflp+XoNLESWZZU=",
              "requires": {
                "bn.js": "^2.0.0",
                "brorand": "^1.0.1",
                "hash.js": "^1.0.0",
                "inherits": "^2.0.1"
              },
              "dependencies": {
                "brorand": {
                  "version": "1.0.5",
                  "resolved": "https://registry.npmjs.org/brorand/-/brorand-1.0.5.tgz",
                  "integrity": "sha1-B7VMowKGq9Fxig4qgwgD79yb+gQ="
                },
                "hash.js": {
                  "version": "1.0.3",
                  "resolved": "https://registry.npmjs.org/hash.js/-/hash.js-1.0.3.tgz",
                  "integrity": "sha1-EzL/ABVsCg/92CNgE9B7d6BFFXM=",
                  "requires": {
                    "inherits": "^2.0.1"
                  }
                }
              }
            },
            "inherits": {
              "version": "2.0.1",
              "resolved": "https://registry.npmjs.org/inherits/-/inherits-2.0.1.tgz",
              "integrity": "sha1-sX0I0ya0Qj5Wjv9xn5GwscvfafE="
            },
            "lodash": {
              "version": "3.10.1",
              "resolved": "https://registry.npmjs.org/lodash/-/lodash-3.10.1.tgz",
              "integrity": "sha1-W/Rejkm6QYnhfUgnid/RW9FAt7Y="
            }
          }
        }
      }
    },
    "bs58": {
      "version": "4.0.1",
      "resolved": "https://registry.npmjs.org/bs58/-/bs58-4.0.1.tgz",
      "integrity": "sha1-vhYedsNU9veIrkBx9j806MTwpCo=",
      "requires": {
        "base-x": "^3.0.2"
      }
    },
    "bs58check": {
      "version": "2.1.2",
      "resolved": "https://registry.npmjs.org/bs58check/-/bs58check-2.1.2.tgz",
      "integrity": "sha512-0TS1jicxdU09dwJMNZtVAfzPi6Q6QeN0pM1Fkzrjn+XYHvzMKPU3pHVpva+769iNVSfIYWf7LJ6WR+BuuMf8cA==",
      "requires": {
        "bs58": "^4.0.0",
        "create-hash": "^1.1.0",
        "safe-buffer": "^5.1.2"
      }
    },
    "cipher-base": {
      "version": "1.0.4",
      "resolved": "https://registry.npmjs.org/cipher-base/-/cipher-base-1.0.4.tgz",
      "integrity": "sha512-Kkht5ye6ZGmwv40uUDZztayT2ThLQGfnj/T71N/XzeZeo3nf8foyW7zGTsPYkEya3m5f3cAypH+qe7YOrM1U2Q==",
      "requires": {
        "inherits": "^2.0.1",
        "safe-buffer": "^5.0.1"
      }
    },
    "combined-stream": {
      "version": "1.0.8",
      "resolved": "https://registry.npmjs.org/combined-stream/-/combined-stream-1.0.8.tgz",
      "integrity": "sha512-FQN4MRfuJeHf7cBbBMJFXhKSDq+2kAArBlmRBvcvFE5BB1HZKXtSFASDhdlz9zOYwxh8lDdnvmMOe/+5cdoEdg==",
      "requires": {
        "delayed-stream": "~1.0.0"
      }
    },
    "component-emitter": {
      "version": "1.3.0",
      "resolved": "https://registry.npmjs.org/component-emitter/-/component-emitter-1.3.0.tgz",
      "integrity": "sha512-Rd3se6QB+sO1TwqZjscQrurpEPIfO0/yYnSin6Q/rD3mOutHvUrCAhJub3r90uNb+SESBuE0QYoB90YdfatsRg=="
    },
    "cookiejar": {
      "version": "2.1.2",
      "resolved": "https://registry.npmjs.org/cookiejar/-/cookiejar-2.1.2.tgz",
      "integrity": "sha512-Mw+adcfzPxcPeI+0WlvRrr/3lGVO0bD75SxX6811cxSh1Wbxx7xZBGK1eVtDf6si8rg2lhnUjsVLMFMfbRIuwA=="
    },
    "core-util-is": {
      "version": "1.0.2",
      "resolved": "https://registry.npmjs.org/core-util-is/-/core-util-is-1.0.2.tgz",
      "integrity": "sha1-tf1UIgqivFq1eqtxQMlAdUUDwac="
    },
    "create-hash": {
      "version": "1.2.0",
      "resolved": "https://registry.npmjs.org/create-hash/-/create-hash-1.2.0.tgz",
      "integrity": "sha512-z00bCGNHDG8mHAkP7CtT1qVu+bFQUPjYq/4Iv3C3kWjTFV10zIjfSoeqXo9Asws8gwSHDGj/hl2u4OGIjapeCg==",
      "requires": {
        "cipher-base": "^1.0.1",
        "inherits": "^2.0.1",
        "md5.js": "^1.3.4",
        "ripemd160": "^2.0.1",
        "sha.js": "^2.4.0"
      }
    },
    "create-hmac": {
      "version": "1.1.7",
      "resolved": "https://registry.npmjs.org/create-hmac/-/create-hmac-1.1.7.tgz",
      "integrity": "sha512-MJG9liiZ+ogc4TzUwuvbER1JRdgvUFSB5+VR/g5h82fGaIRWMWddtKBHi7/sVhfjQZ6SehlyhvQYrcYkaUIpLg==",
      "requires": {
        "cipher-base": "^1.0.3",
        "create-hash": "^1.1.0",
        "inherits": "^2.0.1",
        "ripemd160": "^2.0.0",
        "safe-buffer": "^5.0.1",
        "sha.js": "^2.4.8"
      }
    },
    "debug": {
      "version": "3.2.7",
      "resolved": "https://registry.npmjs.org/debug/-/debug-3.2.7.tgz",
      "integrity": "sha512-CFjzYYAi4ThfiQvizrFQevTTXHtnCqWfe7x1AhgEscTz6ZbLbfoLRLPugTQyBth6f8ZERVUSyWHFD/7Wu4t1XQ==",
      "requires": {
        "ms": "^2.1.1"
      }
    },
    "delayed-stream": {
      "version": "1.0.0",
      "resolved": "https://registry.npmjs.org/delayed-stream/-/delayed-stream-1.0.0.tgz",
      "integrity": "sha1-3zrhmayt+31ECqrgsp4icrJOxhk="
    },
    "ecurve": {
      "version": "1.0.6",
      "resolved": "https://registry.npmjs.org/ecurve/-/ecurve-1.0.6.tgz",
      "integrity": "sha512-/BzEjNfiSuB7jIWKcS/z8FK9jNjmEWvUV2YZ4RLSmcDtP7Lq0m6FvDuSnJpBlDpGRpfRQeTLGLBI8H+kEv0r+w==",
      "requires": {
        "bigi": "^1.1.0",
        "safe-buffer": "^5.0.1"
      }
    },
    "extend": {
      "version": "3.0.2",
      "resolved": "https://registry.npmjs.org/extend/-/extend-3.0.2.tgz",
      "integrity": "sha512-fjquC59cD7CyW6urNXK0FBufkZcoiGG80wTuPujX590cB5Ttln20E2UB4S/WARVqhXffZl2LNgS+gQdPIIim/g=="
    },
    "form-data": {
      "version": "2.5.1",
      "resolved": "https://registry.npmjs.org/form-data/-/form-data-2.5.1.tgz",
      "integrity": "sha512-m21N3WOmEEURgk6B9GLOE4RuWOFf28Lhh9qGYeNlGq4VDXUlJy2th2slBNU8Gp8EzloYZOibZJ7t5ecIrFSjVA==",
      "requires": {
        "asynckit": "^0.4.0",
        "combined-stream": "^1.0.6",
        "mime-types": "^2.1.12"
      }
    },
    "formidable": {
      "version": "1.2.2",
      "resolved": "https://registry.npmjs.org/formidable/-/formidable-1.2.2.tgz",
      "integrity": "sha512-V8gLm+41I/8kguQ4/o1D3RIHRmhYFG4pnNyonvua+40rqcEmT4+V71yaZ3B457xbbgCsCfjSPi65u/W6vK1U5Q=="
    },
    "hash-base": {
      "version": "3.1.0",
      "resolved": "https://registry.npmjs.org/hash-base/-/hash-base-3.1.0.tgz",
      "integrity": "sha512-1nmYp/rhMDiE7AYkDw+lLwlAzz0AntGIe51F3RfFfEqyQ3feY2eI/NcwC6umIQVOASPMsWJLJScWKSSvzL9IVA==",
      "requires": {
        "inherits": "^2.0.4",
        "readable-stream": "^3.6.0",
        "safe-buffer": "^5.2.0"
      }
    },
    "inherits": {
      "version": "2.0.4",
      "resolved": "https://registry.npmjs.org/inherits/-/inherits-2.0.4.tgz",
      "integrity": "sha512-k/vGaX4/Yla3WzyMCvTQOXYeIHvqOKtnqBduzTHpzpQZzAskKMhZ2K+EnBiSM9zGSoIFeMpXKxa4dYeZIQqewQ=="
    },
    "isarray": {
      "version": "1.0.0",
      "resolved": "https://registry.npmjs.org/isarray/-/isarray-1.0.0.tgz",
      "integrity": "sha1-u5NdSFgsuhaMBoNJV6VKPgcSTxE="
    },
    "liveserver": {
      "version": "0.1.20",
      "resolved": "https://registry.npmjs.org/liveserver/-/liveserver-0.1.20.tgz",
      "integrity": "sha1-pQPrzOhuch7PQPIsMa77pTdy0dE=",
      "requires": {
        "bip32-utils": "^0.10.0",
        "bip39": "^2.3.1",
        "bitcoinjs-lib": "^3.1.0",
        "bitcore-lib": "^0.14.0",
        "bitcore-message": "^1.0.4",
        "prelude-ls": "^1.1.2",
        "superagent": "^3.5.2"
      }
    },
    "md5.js": {
      "version": "1.3.5",
      "resolved": "https://registry.npmjs.org/md5.js/-/md5.js-1.3.5.tgz",
      "integrity": "sha512-xitP+WxNPcTTOgnTJcrhM0xvdPepipPSf3I8EIpGKeFLjt3PlJLIDG3u8EX53ZIubkb+5U2+3rELYpEhHhzdkg==",
      "requires": {
        "hash-base": "^3.0.0",
        "inherits": "^2.0.1",
        "safe-buffer": "^5.1.2"
      }
    },
    "merkle-lib": {
      "version": "2.0.10",
      "resolved": "https://registry.npmjs.org/merkle-lib/-/merkle-lib-2.0.10.tgz",
      "integrity": "sha1-grjbrnXieneFOItz+ddyXQ9vMyY="
    },
    "methods": {
      "version": "1.1.2",
      "resolved": "https://registry.npmjs.org/methods/-/methods-1.1.2.tgz",
      "integrity": "sha1-VSmk1nZUE07cxSZmVoNbD4Ua/O4="
    },
    "mime": {
      "version": "1.6.0",
      "resolved": "https://registry.npmjs.org/mime/-/mime-1.6.0.tgz",
      "integrity": "sha512-x0Vn8spI+wuJ1O6S7gnbaQg8Pxh4NNHb7KSINmEWKiPE4RKOplvijn+NkmYmmRgP68mc70j2EbeTFRsrswaQeg=="
    },
    "mime-db": {
      "version": "1.46.0",
      "resolved": "https://registry.npmjs.org/mime-db/-/mime-db-1.46.0.tgz",
      "integrity": "sha512-svXaP8UQRZ5K7or+ZmfNhg2xX3yKDMUzqadsSqi4NCH/KomcH75MAMYAGVlvXn4+b/xOPhS3I2uHKRUzvjY7BQ=="
    },
    "mime-types": {
      "version": "2.1.29",
      "resolved": "https://registry.npmjs.org/mime-types/-/mime-types-2.1.29.tgz",
      "integrity": "sha512-Y/jMt/S5sR9OaqteJtslsFZKWOIIqMACsJSiHghlCAyhf7jfVYjKBmLiX8OgpWeW+fjJ2b+Az69aPFPkUOY6xQ==",
      "requires": {
        "mime-db": "1.46.0"
      }
    },
    "ms": {
      "version": "2.1.3",
      "resolved": "https://registry.npmjs.org/ms/-/ms-2.1.3.tgz",
      "integrity": "sha512-6FlzubTLZG3J2a/NVCAleEhjzq5oxgHyaCU9yYXvcLsvoVaHJq/s5xXI6/XXP6tz7R9xAOtHnSO/tXtF3WRTlA=="
    },
    "pbkdf2": {
      "version": "3.1.1",
      "resolved": "https://registry.npmjs.org/pbkdf2/-/pbkdf2-3.1.1.tgz",
      "integrity": "sha512-4Ejy1OPxi9f2tt1rRV7Go7zmfDQ+ZectEQz3VGUQhgq62HtIRPDyG/JtnwIxs6x3uNMwo2V7q1fMvKjb+Tnpqg==",
      "requires": {
        "create-hash": "^1.1.2",
        "create-hmac": "^1.1.4",
        "ripemd160": "^2.0.1",
        "safe-buffer": "^5.0.1",
        "sha.js": "^2.4.8"
      }
    },
    "prelude-ls": {
      "version": "1.2.1",
      "resolved": "https://registry.npmjs.org/prelude-ls/-/prelude-ls-1.2.1.tgz",
      "integrity": "sha512-vkcDPrRZo1QZLbn5RLGPpg/WmIQ65qoWWhcGKf/b5eplkkarX0m9z8ppCat4mlOqUsWpyNuYgO3VRyrYHSzX5g=="
    },
    "process-nextick-args": {
      "version": "2.0.1",
      "resolved": "https://registry.npmjs.org/process-nextick-args/-/process-nextick-args-2.0.1.tgz",
      "integrity": "sha512-3ouUOpQhtgrbOa17J7+uxOTpITYWaGP7/AhoR3+A+/1e9skrzelGi/dXzEYyvbxubEF6Wn2ypscTKiKJFFn1ag=="
    },
    "pushdata-bitcoin": {
      "version": "1.0.1",
      "resolved": "https://registry.npmjs.org/pushdata-bitcoin/-/pushdata-bitcoin-1.0.1.tgz",
      "integrity": "sha1-FZMdPNlnreUiBvUjqnMxrvfUOvc=",
      "requires": {
        "bitcoin-ops": "^1.3.0"
      }
    },
    "qs": {
      "version": "6.9.6",
      "resolved": "https://registry.npmjs.org/qs/-/qs-6.9.6.tgz",
      "integrity": "sha512-TIRk4aqYLNoJUbd+g2lEdz5kLWIuTMRagAXxl78Q0RiVjAOugHmeKNGdd3cwo/ktpf9aL9epCfFqWDEKysUlLQ=="
    },
    "randombytes": {
      "version": "2.1.0",
      "resolved": "https://registry.npmjs.org/randombytes/-/randombytes-2.1.0.tgz",
      "integrity": "sha512-vYl3iOX+4CKUWuxGi9Ukhie6fsqXqS9FE2Zaic4tNFD2N2QQaXOMFbuKK4QmDHC0JO6B1Zp41J0LpT0oR68amQ==",
      "requires": {
        "safe-buffer": "^5.1.0"
      }
    },
    "readable-stream": {
      "version": "3.6.0",
      "resolved": "https://registry.npmjs.org/readable-stream/-/readable-stream-3.6.0.tgz",
      "integrity": "sha512-BViHy7LKeTz4oNnkcLJ+lVSL6vpiFeX6/d3oSH8zCW7UxP2onchk+vTGB143xuFjHS3deTgkKoXXymXqymiIdA==",
      "requires": {
        "inherits": "^2.0.3",
        "string_decoder": "^1.1.1",
        "util-deprecate": "^1.0.1"
      }
    },
    "ripemd160": {
      "version": "2.0.2",
      "resolved": "https://registry.npmjs.org/ripemd160/-/ripemd160-2.0.2.tgz",
      "integrity": "sha512-ii4iagi25WusVoiC4B4lq7pbXfAp3D9v5CwfkY33vffw2+pkDjY1D8GaN7spsxvCSx8dkPqOZCEZyfxcmJG2IA==",
      "requires": {
        "hash-base": "^3.0.0",
        "inherits": "^2.0.1"
      }
    },
    "safe-buffer": {
      "version": "5.2.1",
      "resolved": "https://registry.npmjs.org/safe-buffer/-/safe-buffer-5.2.1.tgz",
      "integrity": "sha512-rp3So07KcdmmKbGvgaNxQSJr7bGVSVk5S9Eq1F+ppbRo70+YeaDxkw5Dd8NPN+GD6bjnYm2VuPuCXmpuYvmCXQ=="
    },
    "sha.js": {
      "version": "2.4.11",
      "resolved": "https://registry.npmjs.org/sha.js/-/sha.js-2.4.11.tgz",
      "integrity": "sha512-QMEp5B7cftE7APOjk5Y6xgrbWu+WkLVQwk8JNjZ8nKRciZaByEW6MubieAiToS7+dwvrjGhH8jRXz3MVd0AYqQ==",
      "requires": {
        "inherits": "^2.0.1",
        "safe-buffer": "^5.0.1"
      }
    },
    "string_decoder": {
      "version": "1.3.0",
      "resolved": "https://registry.npmjs.org/string_decoder/-/string_decoder-1.3.0.tgz",
      "integrity": "sha512-hkRX8U1WjJFd8LsDJ2yQ/wWWxaopEsABU1XfkM8A+j0+85JAGppt16cr1Whg6KIbb4okU6Mql6BOj+uup/wKeA==",
      "requires": {
        "safe-buffer": "~5.2.0"
      }
    },
    "superagent": {
      "version": "3.8.3",
      "resolved": "https://registry.npmjs.org/superagent/-/superagent-3.8.3.tgz",
      "integrity": "sha512-GLQtLMCoEIK4eDv6OGtkOoSMt3D+oq0y3dsxMuYuDvaNUvuT8eFBuLmfR0iYYzHC1e8hpzC6ZsxbuP6DIalMFA==",
      "requires": {
        "component-emitter": "^1.2.0",
        "cookiejar": "^2.1.0",
        "debug": "^3.1.0",
        "extend": "^3.0.0",
        "form-data": "^2.3.1",
        "formidable": "^1.2.0",
        "methods": "^1.1.1",
        "mime": "^1.4.1",
        "qs": "^6.5.1",
        "readable-stream": "^2.3.5"
      },
      "dependencies": {
        "readable-stream": {
          "version": "2.3.7",
          "resolved": "https://registry.npmjs.org/readable-stream/-/readable-stream-2.3.7.tgz",
          "integrity": "sha512-Ebho8K4jIbHAxnuxi7o42OrZgF/ZTNcsZj6nRKyUmkhLFq8CHItp/fy6hQZuZmP/n3yZ9VBUbp4zz/mX8hmYPw==",
          "requires": {
            "core-util-is": "~1.0.0",
            "inherits": "~2.0.3",
            "isarray": "~1.0.0",
            "process-nextick-args": "~2.0.0",
            "safe-buffer": "~5.1.1",
            "string_decoder": "~1.1.1",
            "util-deprecate": "~1.0.1"
          }
        },
        "safe-buffer": {
          "version": "5.1.2",
          "resolved": "https://registry.npmjs.org/safe-buffer/-/safe-buffer-5.1.2.tgz",
          "integrity": "sha512-Gd2UZBJDkXlY7GbJxfsE8/nvKkUEU1G38c1siN6QP6a9PT9MmHB8GnpscSmMJSoF8LOIrt8ud/wPtojys4G6+g=="
        },
        "string_decoder": {
          "version": "1.1.1",
          "resolved": "https://registry.npmjs.org/string_decoder/-/string_decoder-1.1.1.tgz",
          "integrity": "sha512-n/ShnvDi6FHbbVfviro+WojiFzv+s8MPMHBczVePfUpDJLwoLT0ht1l4YwBCbi8pJAveEEdnkHyPyTP/mzRfwg==",
          "requires": {
            "safe-buffer": "~5.1.0"
          }
        }
      }
    },
    "typeforce": {
      "version": "1.18.0",
      "resolved": "https://registry.npmjs.org/typeforce/-/typeforce-1.18.0.tgz",
      "integrity": "sha512-7uc1O8h1M1g0rArakJdf0uLRSSgFcYexrVoKo+bzJd32gd4gDy2L/Z+8/FjPnU9ydY3pEnVPtr9FyscYY60K1g=="
    },
    "unorm": {
      "version": "1.6.0",
      "resolved": "https://registry.npmjs.org/unorm/-/unorm-1.6.0.tgz",
      "integrity": "sha512-b2/KCUlYZUeA7JFUuRJZPUtr4gZvBh7tavtv4fvk4+KV9pfGiR6CQAQAWl49ZpR3ts2dk4FYkP7EIgDJoiOLDA=="
    },
    "util-deprecate": {
      "version": "1.0.2",
      "resolved": "https://registry.npmjs.org/util-deprecate/-/util-deprecate-1.0.2.tgz",
      "integrity": "sha1-RQ1Nyfpw3nMnYvvS1KKJgUGaDM8="
    },
    "varuint-bitcoin": {
      "version": "1.1.2",
      "resolved": "https://registry.npmjs.org/varuint-bitcoin/-/varuint-bitcoin-1.1.2.tgz",
      "integrity": "sha512-4EVb+w4rx+YfVM32HQX42AbbT7/1f5zwAYhIujKXKk8NQK+JfRVl3pqT3hjNn/L+RstigmGGKVwHA/P0wgITZw==",
      "requires": {
        "safe-buffer": "^5.1.1"
      }
    },
    "wif": {
      "version": "2.0.6",
      "resolved": "https://registry.npmjs.org/wif/-/wif-2.0.6.tgz",
      "integrity": "sha1-CNP1IFbGZnkplyb63g1DKudLRwQ=",
      "requires": {
        "bs58check": "<3.0.0"
      }
    }
  }
}
